
Microsoft Visual Studio Solution File, Format Version 12.00
# Visual Studio Version 16
VisualStudioVersion = 16.0.32630.194
MinimumVisualStudioVersion = 10.0.40219.1
Project("{FAE04EC0-301F-11D3-BF4B-00C04F79EFBC}") = "ConsoleApp1", "ConsoleApp1\ConsoleApp1.csproj", "{DD697144-B2BC-4481-A7C5-9DDF7A840B4A}"
EndProject
Global
	GlobalSection(SolutionConfigurationPlatforms) = preSolution
		Debug|Any CPU = Debug|Any CPU
		Release|Any CPU = Release|Any CPU
	EndGlobalSection
	GlobalSection(ProjectConfigurationPlatforms) = postSolution
		{DD697144-B2BC-4481-A7C5-9DDF7A840B4A}.Debug|Any CPU.ActiveCfg = Debug|Any CPU
		{DD697144-B2BC-4481-A7C5-9DDF7A840B4A}.Debug|Any CPU.Build.0 = Debug|Any CPU
		{DD697144-B2BC-4481-A7C5-9DDF7A840B4A}.Release|Any CPU.ActiveCfg = Release|Any CPU
		{DD697144-B2BC-4481-A7C5-9DDF7A840B4A}.Release|Any CPU.Build.0 = Release|Any CPU
	EndGlobalSection
	GlobalSection(SolutionProperties) = preSolution
		HideSolutionNode = FALSE
	EndGlobalSection
	GlobalSection(ExtensibilityGlobals) = postSolution
		SolutionGuid = {48C0D58C-A307-4228-80EC-EA208F5D9A2E}
	EndGlobalSection
EndGlobal
